
Microsoft Visual Studio Solution File, Format Version 12.00
# Visual Studio Version 17
VisualStudioVersion = 17.8.34316.72
MinimumVisualStudioVersion = 10.0.40219.1
Project("{FAE04EC0-301F-11D3-BF4B-00C04F79EFBC}") = "serverApp", "AstroService\serverApp.csproj", "{E10E0D10-433C-4A5E-AFAD-4054FBF63273}"
EndProject
Global
	GlobalSection(SolutionConfigurationPlatforms) = preSolution
		Debug|Any CPU = Debug|Any CPU
		Release|Any CPU = Release|Any CPU
	EndGlobalSection
	GlobalSection(ProjectConfigurationPlatforms) = postSolution
		{E10E0D10-433C-4A5E-AFAD-4054FBF63273}.Debug|Any CPU.ActiveCfg = Debug|Any CPU
		{E10E0D10-433C-4A5E-AFAD-4054FBF63273}.Debug|Any CPU.Build.0 = Debug|Any CPU
		{E10E0D10-433C-4A5E-AFAD-4054FBF63273}.Release|Any CPU.ActiveCfg = Release|Any CPU
		{E10E0D10-433C-4A5E-AFAD-4054FBF63273}.Release|Any CPU.Build.0 = Release|Any CPU
	EndGlobalSection
	GlobalSection(SolutionProperties) = preSolution
		HideSolutionNode = FALSE
	EndGlobalSection
	GlobalSection(ExtensibilityGlobals) = postSolution
		SolutionGuid = {C6F09CE7-180F-47C5-AE40-FCB37755A18F}
	EndGlobalSection
EndGlobal
