
Microsoft Visual Studio Solution File, Format Version 12.00
# Visual Studio Version 17
VisualStudioVersion = 17.8.34316.72
MinimumVisualStudioVersion = 10.0.40219.1
Project("{9A19103F-16F7-4668-BE54-9A1E7A4F7556}") = "ServerApp", "ServerApp\ServerApp.csproj", "{2E08A534-672F-42D7-B772-24A0CF4DFB26}"
EndProject
Global
	GlobalSection(SolutionConfigurationPlatforms) = preSolution
		Debug|Any CPU = Debug|Any CPU
		Release|Any CPU = Release|Any CPU
	EndGlobalSection
	GlobalSection(ProjectConfigurationPlatforms) = postSolution
		{2E08A534-672F-42D7-B772-24A0CF4DFB26}.Debug|Any CPU.ActiveCfg = Debug|Any CPU
		{2E08A534-672F-42D7-B772-24A0CF4DFB26}.Debug|Any CPU.Build.0 = Debug|Any CPU
		{2E08A534-672F-42D7-B772-24A0CF4DFB26}.Release|Any CPU.ActiveCfg = Release|Any CPU
		{2E08A534-672F-42D7-B772-24A0CF4DFB26}.Release|Any CPU.Build.0 = Release|Any CPU
	EndGlobalSection
	GlobalSection(SolutionProperties) = preSolution
		HideSolutionNode = FALSE
	EndGlobalSection
	GlobalSection(ExtensibilityGlobals) = postSolution
		SolutionGuid = {861DE9B2-5BBF-49FA-8A64-4E3396E814FD}
	EndGlobalSection
EndGlobal
